
Microsoft Visual Studio Solution File, Format Version 12.00
# Visual Studio Version 16
VisualStudioVersion = 16.0.32126.315
MinimumVisualStudioVersion = 10.0.40219.1
Project("{8BC9CEB8-8B4A-11D0-8D11-00A0C91BC942}") = "25.02.2022_V2", "25.02.2022_V2\25.02.2022_V2.vcxproj", "{C02F35C3-7610-4959-ADDE-DA92C622F43B}"
EndProject
Global
	GlobalSection(SolutionConfigurationPlatforms) = preSolution
		Debug|x64 = Debug|x64
		Debug|x86 = Debug|x86
		Release|x64 = Release|x64
		Release|x86 = Release|x86
	EndGlobalSection
	GlobalSection(ProjectConfigurationPlatforms) = postSolution
		{C02F35C3-7610-4959-ADDE-DA92C622F43B}.Debug|x64.ActiveCfg = Debug|x64
		{C02F35C3-7610-4959-ADDE-DA92C622F43B}.Debug|x64.Build.0 = Debug|x64
		{C02F35C3-7610-4959-ADDE-DA92C622F43B}.Debug|x86.ActiveCfg = Debug|Win32
		{C02F35C3-7610-4959-ADDE-DA92C622F43B}.Debug|x86.Build.0 = Debug|Win32
		{C02F35C3-7610-4959-ADDE-DA92C622F43B}.Release|x64.ActiveCfg = Release|x64
		{C02F35C3-7610-4959-ADDE-DA92C622F43B}.Release|x64.Build.0 = Release|x64
		{C02F35C3-7610-4959-ADDE-DA92C622F43B}.Release|x86.ActiveCfg = Release|Win32
		{C02F35C3-7610-4959-ADDE-DA92C622F43B}.Release|x86.Build.0 = Release|Win32
	EndGlobalSection
	GlobalSection(SolutionProperties) = preSolution
		HideSolutionNode = FALSE
	EndGlobalSection
	GlobalSection(ExtensibilityGlobals) = postSolution
		SolutionGuid = {04218E6C-43FF-4967-B50F-C5B57629BA4E}
	EndGlobalSection
EndGlobal
